
Microsoft Visual Studio Solution File, Format Version 12.00
# Visual Studio 2012
Project("{FAE04EC0-301F-11D3-BF4B-00C04F79EFBC}") = "ImprimirDolce", "ImprimirDolce\ImprimirDolce.csproj", "{44A366AC-D0B2-4B56-8864-503AE3CA8D01}"
EndProject
Project("{FAE04EC0-301F-11D3-BF4B-00C04F79EFBC}") = "test", "test\test.csproj", "{687F99BC-B66E-413B-A1B7-892A183D3204}"
EndProject
Global
	GlobalSection(SolutionConfigurationPlatforms) = preSolution
		Debug|Any CPU = Debug|Any CPU
		Release|Any CPU = Release|Any CPU
	EndGlobalSection
	GlobalSection(ProjectConfigurationPlatforms) = postSolution
		{44A366AC-D0B2-4B56-8864-503AE3CA8D01}.Debug|Any CPU.ActiveCfg = Debug|Any CPU
		{44A366AC-D0B2-4B56-8864-503AE3CA8D01}.Debug|Any CPU.Build.0 = Debug|Any CPU
		{44A366AC-D0B2-4B56-8864-503AE3CA8D01}.Release|Any CPU.ActiveCfg = Release|Any CPU
		{44A366AC-D0B2-4B56-8864-503AE3CA8D01}.Release|Any CPU.Build.0 = Release|Any CPU
		{687F99BC-B66E-413B-A1B7-892A183D3204}.Debug|Any CPU.ActiveCfg = Debug|Any CPU
		{687F99BC-B66E-413B-A1B7-892A183D3204}.Debug|Any CPU.Build.0 = Debug|Any CPU
		{687F99BC-B66E-413B-A1B7-892A183D3204}.Release|Any CPU.ActiveCfg = Release|Any CPU
		{687F99BC-B66E-413B-A1B7-892A183D3204}.Release|Any CPU.Build.0 = Release|Any CPU
	EndGlobalSection
	GlobalSection(SolutionProperties) = preSolution
		HideSolutionNode = FALSE
	EndGlobalSection
EndGlobal
